{
  "originHash" : "8cd8392832fb96439173bc2f0563b7121e14bcfdae090196a3cca3afe717549e",
  "pins" : [
    {
      "identity" : "rive-ios",
      "kind" : "remoteSourceControl",
      "location" : "https://github.com/rive-app/rive-ios",
      "state" : {
        "revision" : "4c42e5839167a06a56d336e80813578bac018dde",
        "version" : "6.27.0"
      }
    }
  ],
  "version" : 3
}
